
Microsoft Visual Studio Solution File, Format Version 12.00
# Visual Studio Version 17
VisualStudioVersion = 17.12.35514.174
MinimumVisualStudioVersion = 10.0.40219.1
Project("{FAE04EC0-301F-11D3-BF4B-00C04F79EFBC}") = "RentLoop.API", "RentLoop.API\RentLoop.API.csproj", "{47AD400D-EBD7-40EE-B9AA-ADE7B0AFFBAC}"
EndProject
Project("{2150E333-8FDC-42A3-9474-1A3956D46DE8}") = "Solution Items", "Solution Items", "{12CDA649-12BE-4433-B62C-680AC8924851}"
	ProjectSection(SolutionItems) = preProject
		docker-compose.yml = docker-compose.yml
	EndProjectSection
EndProject
Project("{FAE04EC0-301F-11D3-BF4B-00C04F79EFBC}") = "RentLoop.Worker", "RentLoop.Worker\RentLoop.Worker.csproj", "{2C358D8A-6959-49E0-A337-CCA0C23BF6B8}"
EndProject
Global
	GlobalSection(SolutionConfigurationPlatforms) = preSolution
		Debug|Any CPU = Debug|Any CPU
		Release|Any CPU = Release|Any CPU
	EndGlobalSection
	GlobalSection(ProjectConfigurationPlatforms) = postSolution
		{47AD400D-EBD7-40EE-B9AA-ADE7B0AFFBAC}.Debug|Any CPU.ActiveCfg = Debug|Any CPU
		{47AD400D-EBD7-40EE-B9AA-ADE7B0AFFBAC}.Debug|Any CPU.Build.0 = Debug|Any CPU
		{47AD400D-EBD7-40EE-B9AA-ADE7B0AFFBAC}.Release|Any CPU.ActiveCfg = Release|Any CPU
		{47AD400D-EBD7-40EE-B9AA-ADE7B0AFFBAC}.Release|Any CPU.Build.0 = Release|Any CPU
		{2C358D8A-6959-49E0-A337-CCA0C23BF6B8}.Debug|Any CPU.ActiveCfg = Debug|Any CPU
		{2C358D8A-6959-49E0-A337-CCA0C23BF6B8}.Debug|Any CPU.Build.0 = Debug|Any CPU
		{2C358D8A-6959-49E0-A337-CCA0C23BF6B8}.Release|Any CPU.ActiveCfg = Release|Any CPU
		{2C358D8A-6959-49E0-A337-CCA0C23BF6B8}.Release|Any CPU.Build.0 = Release|Any CPU
	EndGlobalSection
	GlobalSection(SolutionProperties) = preSolution
		HideSolutionNode = FALSE
	EndGlobalSection
EndGlobal
